
Microsoft Visual Studio Solution File, Format Version 12.00
# Visual Studio Version 17
VisualStudioVersion = 17.11.35327.3
MinimumVisualStudioVersion = 10.0.40219.1
Project("{FAE04EC0-301F-11D3-BF4B-00C04F79EFBC}") = "SoftwareTest", "SoftwareTest\SoftwareTest.csproj", "{31C63876-D230-4E09-AFD5-3F475951903B}"
EndProject
Project("{FAE04EC0-301F-11D3-BF4B-00C04F79EFBC}") = "SoftwareTest.Tests", "SoftwareTest.Tests\SoftwareTest.Tests.csproj", "{F3B343DC-9FC6-4BBE-8CC0-B856BB02A0BE}"
EndProject
Global
	GlobalSection(SolutionConfigurationPlatforms) = preSolution
		Debug|Any CPU = Debug|Any CPU
		Release|Any CPU = Release|Any CPU
	EndGlobalSection
	GlobalSection(ProjectConfigurationPlatforms) = postSolution
		{31C63876-D230-4E09-AFD5-3F475951903B}.Debug|Any CPU.ActiveCfg = Debug|Any CPU
		{31C63876-D230-4E09-AFD5-3F475951903B}.Debug|Any CPU.Build.0 = Debug|Any CPU
		{31C63876-D230-4E09-AFD5-3F475951903B}.Release|Any CPU.ActiveCfg = Release|Any CPU
		{31C63876-D230-4E09-AFD5-3F475951903B}.Release|Any CPU.Build.0 = Release|Any CPU
		{F3B343DC-9FC6-4BBE-8CC0-B856BB02A0BE}.Debug|Any CPU.ActiveCfg = Debug|Any CPU
		{F3B343DC-9FC6-4BBE-8CC0-B856BB02A0BE}.Debug|Any CPU.Build.0 = Debug|Any CPU
		{F3B343DC-9FC6-4BBE-8CC0-B856BB02A0BE}.Release|Any CPU.ActiveCfg = Release|Any CPU
		{F3B343DC-9FC6-4BBE-8CC0-B856BB02A0BE}.Release|Any CPU.Build.0 = Release|Any CPU
	EndGlobalSection
	GlobalSection(SolutionProperties) = preSolution
		HideSolutionNode = FALSE
	EndGlobalSection
	GlobalSection(ExtensibilityGlobals) = postSolution
		SolutionGuid = {5B84C489-7F36-454A-B982-79414BB61090}
	EndGlobalSection
EndGlobal
